
Microsoft Visual Studio Solution File, Format Version 12.00
# Visual Studio 14
VisualStudioVersion = 14.0.25420.1
MinimumVisualStudioVersion = 10.0.40219.1
Project("{FAE04EC0-301F-11D3-BF4B-00C04F79EFBC}") = "Checkout.Core", "Checkout\Checkout.Core.csproj", "{D33D46FA-30BE-4001-A4BD-D5C59EFF2700}"
EndProject
Project("{FAE04EC0-301F-11D3-BF4B-00C04F79EFBC}") = "Checkout.Core.Tests", "Checkout.Core.Tests\Checkout.Core.Tests.csproj", "{E3F4F154-26A2-4A0E-AE12-3614F39483E0}"
EndProject
Project("{FAE04EC0-301F-11D3-BF4B-00C04F79EFBC}") = "Checkout.Data", "Checkout.Data\Checkout.Data.csproj", "{2AF520E6-B12E-44EB-B147-A3E34CB8A14D}"
EndProject
Project("{FAE04EC0-301F-11D3-BF4B-00C04F79EFBC}") = "Checkout.Data.Tests", "Checkout.Data.Tests\Checkout.Data.Tests.csproj", "{30A71F30-AFD3-49D2-8A04-AC519EE6120F}"
EndProject
Project("{FAE04EC0-301F-11D3-BF4B-00C04F79EFBC}") = "Checkout.BDD.Tests", "Checkout.BDD.Tests\Checkout.BDD.Tests.csproj", "{8875C4BC-5DA5-4EF4-865B-78C1725973B5}"
EndProject
Project("{FAE04EC0-301F-11D3-BF4B-00C04F79EFBC}") = "Checkout.Service.Web", "Checkout.Service.Web\Checkout.Service.Web.csproj", "{0622856D-99D1-498E-962C-B4483CE82695}"
EndProject
Project("{FAE04EC0-301F-11D3-BF4B-00C04F79EFBC}") = "Checkout.Domain", "Checkout.Domain\Checkout.Domain.csproj", "{976B2B83-E5DA-4DF3-B9EE-D44C975EA9E3}"
EndProject
Global
	GlobalSection(SolutionConfigurationPlatforms) = preSolution
		Debug|Any CPU = Debug|Any CPU
		Release|Any CPU = Release|Any CPU
	EndGlobalSection
	GlobalSection(ProjectConfigurationPlatforms) = postSolution
		{D33D46FA-30BE-4001-A4BD-D5C59EFF2700}.Debug|Any CPU.ActiveCfg = Debug|Any CPU
		{D33D46FA-30BE-4001-A4BD-D5C59EFF2700}.Debug|Any CPU.Build.0 = Debug|Any CPU
		{D33D46FA-30BE-4001-A4BD-D5C59EFF2700}.Release|Any CPU.ActiveCfg = Release|Any CPU
		{D33D46FA-30BE-4001-A4BD-D5C59EFF2700}.Release|Any CPU.Build.0 = Release|Any CPU
		{E3F4F154-26A2-4A0E-AE12-3614F39483E0}.Debug|Any CPU.ActiveCfg = Debug|Any CPU
		{E3F4F154-26A2-4A0E-AE12-3614F39483E0}.Debug|Any CPU.Build.0 = Debug|Any CPU
		{E3F4F154-26A2-4A0E-AE12-3614F39483E0}.Release|Any CPU.ActiveCfg = Release|Any CPU
		{E3F4F154-26A2-4A0E-AE12-3614F39483E0}.Release|Any CPU.Build.0 = Release|Any CPU
		{2AF520E6-B12E-44EB-B147-A3E34CB8A14D}.Debug|Any CPU.ActiveCfg = Debug|Any CPU
		{2AF520E6-B12E-44EB-B147-A3E34CB8A14D}.Debug|Any CPU.Build.0 = Debug|Any CPU
		{2AF520E6-B12E-44EB-B147-A3E34CB8A14D}.Release|Any CPU.ActiveCfg = Release|Any CPU
		{2AF520E6-B12E-44EB-B147-A3E34CB8A14D}.Release|Any CPU.Build.0 = Release|Any CPU
		{30A71F30-AFD3-49D2-8A04-AC519EE6120F}.Debug|Any CPU.ActiveCfg = Debug|Any CPU
		{30A71F30-AFD3-49D2-8A04-AC519EE6120F}.Debug|Any CPU.Build.0 = Debug|Any CPU
		{30A71F30-AFD3-49D2-8A04-AC519EE6120F}.Release|Any CPU.ActiveCfg = Release|Any CPU
		{30A71F30-AFD3-49D2-8A04-AC519EE6120F}.Release|Any CPU.Build.0 = Release|Any CPU
		{8875C4BC-5DA5-4EF4-865B-78C1725973B5}.Debug|Any CPU.ActiveCfg = Debug|Any CPU
		{8875C4BC-5DA5-4EF4-865B-78C1725973B5}.Debug|Any CPU.Build.0 = Debug|Any CPU
		{8875C4BC-5DA5-4EF4-865B-78C1725973B5}.Release|Any CPU.ActiveCfg = Release|Any CPU
		{8875C4BC-5DA5-4EF4-865B-78C1725973B5}.Release|Any CPU.Build.0 = Release|Any CPU
		{0622856D-99D1-498E-962C-B4483CE82695}.Debug|Any CPU.ActiveCfg = Debug|Any CPU
		{0622856D-99D1-498E-962C-B4483CE82695}.Debug|Any CPU.Build.0 = Debug|Any CPU
		{0622856D-99D1-498E-962C-B4483CE82695}.Release|Any CPU.ActiveCfg = Release|Any CPU
		{0622856D-99D1-498E-962C-B4483CE82695}.Release|Any CPU.Build.0 = Release|Any CPU
		{976B2B83-E5DA-4DF3-B9EE-D44C975EA9E3}.Debug|Any CPU.ActiveCfg = Debug|Any CPU
		{976B2B83-E5DA-4DF3-B9EE-D44C975EA9E3}.Debug|Any CPU.Build.0 = Debug|Any CPU
		{976B2B83-E5DA-4DF3-B9EE-D44C975EA9E3}.Release|Any CPU.ActiveCfg = Release|Any CPU
		{976B2B83-E5DA-4DF3-B9EE-D44C975EA9E3}.Release|Any CPU.Build.0 = Release|Any CPU
	EndGlobalSection
	GlobalSection(SolutionProperties) = preSolution
		HideSolutionNode = FALSE
	EndGlobalSection
EndGlobal
